
Microsoft Visual Studio Solution File, Format Version 12.00
# Visual Studio Version 17
VisualStudioVersion = 17.2.32317.152
MinimumVisualStudioVersion = 10.0.40219.1
Project("{9A19103F-16F7-4668-BE54-9A1E7A4F7556}") = "InterfaceStaticMethod.Lib", "InterfaceStaticMethod.Lib\InterfaceStaticMethod.Lib.csproj", "{F4BC36D6-7306-4090-8BDE-790A29454FD1}"
EndProject
Project("{FAE04EC0-301F-11D3-BF4B-00C04F79EFBC}") = "InterfaceStaticMethod.App", "InterfaceStaticMethod.App\InterfaceStaticMethod.App.csproj", "{B2FC13C1-87EF-44CD-8A08-C59FBDF84E69}"
EndProject
Global
	GlobalSection(SolutionConfigurationPlatforms) = preSolution
		Debug|Any CPU = Debug|Any CPU
		Release|Any CPU = Release|Any CPU
	EndGlobalSection
	GlobalSection(ProjectConfigurationPlatforms) = postSolution
		{F4BC36D6-7306-4090-8BDE-790A29454FD1}.Debug|Any CPU.ActiveCfg = Debug|Any CPU
		{F4BC36D6-7306-4090-8BDE-790A29454FD1}.Debug|Any CPU.Build.0 = Debug|Any CPU
		{F4BC36D6-7306-4090-8BDE-790A29454FD1}.Release|Any CPU.ActiveCfg = Release|Any CPU
		{F4BC36D6-7306-4090-8BDE-790A29454FD1}.Release|Any CPU.Build.0 = Release|Any CPU
		{B2FC13C1-87EF-44CD-8A08-C59FBDF84E69}.Debug|Any CPU.ActiveCfg = Debug|Any CPU
		{B2FC13C1-87EF-44CD-8A08-C59FBDF84E69}.Debug|Any CPU.Build.0 = Debug|Any CPU
		{B2FC13C1-87EF-44CD-8A08-C59FBDF84E69}.Release|Any CPU.ActiveCfg = Release|Any CPU
		{B2FC13C1-87EF-44CD-8A08-C59FBDF84E69}.Release|Any CPU.Build.0 = Release|Any CPU
	EndGlobalSection
	GlobalSection(SolutionProperties) = preSolution
		HideSolutionNode = FALSE
	EndGlobalSection
	GlobalSection(ExtensibilityGlobals) = postSolution
		SolutionGuid = {D504D333-F9D2-4E2D-832C-6ADBAC760B11}
	EndGlobalSection
EndGlobal
